
Microsoft Visual Studio Solution File, Format Version 12.00
# Visual Studio 15
VisualStudioVersion = 15.0.27004.2008
MinimumVisualStudioVersion = 10.0.40219.1
Project("{FAE04EC0-301F-11D3-BF4B-00C04F79EFBC}") = "SqsLibraries.Common", "SqsLibraries.Common\SqsLibraries.Common.csproj", "{148162AB-EA67-4F63-BA16-1D9AC9724CE9}"
EndProject
Global
	GlobalSection(SolutionConfigurationPlatforms) = preSolution
		Debug|Any CPU = Debug|Any CPU
		Release|Any CPU = Release|Any CPU
	EndGlobalSection
	GlobalSection(ProjectConfigurationPlatforms) = postSolution
		{148162AB-EA67-4F63-BA16-1D9AC9724CE9}.Debug|Any CPU.ActiveCfg = Debug|Any CPU
		{148162AB-EA67-4F63-BA16-1D9AC9724CE9}.Debug|Any CPU.Build.0 = Debug|Any CPU
		{148162AB-EA67-4F63-BA16-1D9AC9724CE9}.Release|Any CPU.ActiveCfg = Release|Any CPU
		{148162AB-EA67-4F63-BA16-1D9AC9724CE9}.Release|Any CPU.Build.0 = Release|Any CPU
	EndGlobalSection
	GlobalSection(SolutionProperties) = preSolution
		HideSolutionNode = FALSE
	EndGlobalSection
	GlobalSection(ExtensibilityGlobals) = postSolution
		SolutionGuid = {57E2CA9F-2A81-40E7-B32F-90DA8CDB5A6B}
	EndGlobalSection
EndGlobal
